
Microsoft Visual Studio Solution File, Format Version 12.00
# Visual Studio Version 17
VisualStudioVersion = 17.6.33801.468
MinimumVisualStudioVersion = 10.0.40219.1
Project("{FAE04EC0-301F-11D3-BF4B-00C04F79EFBC}") = "CoreHtmlToPDF", "CoreHtmlToPDF\CoreHtmlToPDF.csproj", "{ED383A03-0F30-471D-9326-9AC1D4480C01}"
EndProject
Global
	GlobalSection(SolutionConfigurationPlatforms) = preSolution
		Debug|Any CPU = Debug|Any CPU
		Release|Any CPU = Release|Any CPU
	EndGlobalSection
	GlobalSection(ProjectConfigurationPlatforms) = postSolution
		{ED383A03-0F30-471D-9326-9AC1D4480C01}.Debug|Any CPU.ActiveCfg = Debug|Any CPU
		{ED383A03-0F30-471D-9326-9AC1D4480C01}.Debug|Any CPU.Build.0 = Debug|Any CPU
		{ED383A03-0F30-471D-9326-9AC1D4480C01}.Release|Any CPU.ActiveCfg = Release|Any CPU
		{ED383A03-0F30-471D-9326-9AC1D4480C01}.Release|Any CPU.Build.0 = Release|Any CPU
	EndGlobalSection
	GlobalSection(SolutionProperties) = preSolution
		HideSolutionNode = FALSE
	EndGlobalSection
	GlobalSection(ExtensibilityGlobals) = postSolution
		SolutionGuid = {A9CC750D-8078-4F5C-A559-1B7DB7442BC2}
	EndGlobalSection
EndGlobal
